
Microsoft Visual Studio Solution File, Format Version 12.00
# Visual Studio Version 16
VisualStudioVersion = 16.0.31605.320
MinimumVisualStudioVersion = 10.0.40219.1
Project("{FAE04EC0-301F-11D3-BF4B-00C04F79EFBC}") = "RegexAteMyNeighbors", "RegexAteMyNeighbors\RegexAteMyNeighbors.csproj", "{322E966A-3C46-4E2A-88B5-E83BC56BED0C}"
EndProject
Global
	GlobalSection(SolutionConfigurationPlatforms) = preSolution
		Debug|Any CPU = Debug|Any CPU
		Release|Any CPU = Release|Any CPU
	EndGlobalSection
	GlobalSection(ProjectConfigurationPlatforms) = postSolution
		{322E966A-3C46-4E2A-88B5-E83BC56BED0C}.Debug|Any CPU.ActiveCfg = Debug|Any CPU
		{322E966A-3C46-4E2A-88B5-E83BC56BED0C}.Debug|Any CPU.Build.0 = Debug|Any CPU
		{322E966A-3C46-4E2A-88B5-E83BC56BED0C}.Release|Any CPU.ActiveCfg = Release|Any CPU
		{322E966A-3C46-4E2A-88B5-E83BC56BED0C}.Release|Any CPU.Build.0 = Release|Any CPU
	EndGlobalSection
	GlobalSection(SolutionProperties) = preSolution
		HideSolutionNode = FALSE
	EndGlobalSection
	GlobalSection(ExtensibilityGlobals) = postSolution
		SolutionGuid = {ABF2D793-B76B-477F-9F54-AF5922FE7E00}
	EndGlobalSection
EndGlobal
